{
  "nodes": {
    "awesomewm-src": {
      "flake": false,
      "locked": {
        "lastModified": 1705797246,
        "narHash": "sha256-afviu5b86JDWd5F12Ag81JPTu9qbXi3fAlBp9tv58fI=",
        "owner": "awesomewm",
        "repo": "awesome",
        "rev": "e6f5c7980862b7c3ec6c50c643b15ff2249310cc",
        "type": "github"
      },
      "original": {
        "owner": "awesomewm",
        "repo": "awesome",
        "type": "github"
      }
    },
    "commentnvim-src": {
      "flake": false,
      "locked": {
        "lastModified": 1691409559,
        "narHash": "sha256-+dF1ZombrlO6nQggufSb0igXW5zwU++o0W/5ZA07cdc=",
        "owner": "numToStr",
        "repo": "Comment.nvim",
        "rev": "0236521ea582747b58869cb72f70ccfa967d2e89",
        "type": "github"
      },
      "original": {
        "owner": "numToStr",
        "repo": "Comment.nvim",
        "type": "github"
      }
    },
    "copilot-src": {
      "flake": false,
      "locked": {
        "lastModified": 1705971257,
        "narHash": "sha256-zl129CYkZfruc2MjOltfcXpiI0SvXUtJzFM2612yQCM=",
        "owner": "github",
        "repo": "copilot.vim",
        "rev": "a8142d44602f1b3f7b5c03c52b55f8f5d3453bf0",
        "type": "github"
      },
      "original": {
        "owner": "github",
        "repo": "copilot.vim",
        "type": "github"
      }
    },
    "flake-utils": {
      "inputs": {
        "systems": "systems"
      },
      "locked": {
        "lastModified": 1705309234,
        "narHash": "sha256-uNRRNRKmJyCRC/8y1RqBkqWBLM034y4qN7EprSdmgyA=",
        "owner": "numtide",
        "repo": "flake-utils",
        "rev": "1ef2e671c3b0c19053962c07dbda38332dcebf26",
        "type": "github"
      },
      "original": {
        "owner": "numtide",
        "repo": "flake-utils",
        "type": "github"
      }
    },
    "git-ignore-nix": {
      "inputs": {
        "nixpkgs": [
          "picom-src",
          "nixpkgs"
        ]
      },
      "locked": {
        "lastModified": 1703887061,
        "narHash": "sha256-gGPa9qWNc6eCXT/+Z5/zMkyYOuRZqeFZBDbopNZQkuY=",
        "owner": "hercules-ci",
        "repo": "gitignore.nix",
        "rev": "43e1aa1308018f37118e34d3a9cb4f5e75dc11d5",
        "type": "github"
      },
      "original": {
        "owner": "hercules-ci",
        "ref": "master",
        "repo": "gitignore.nix",
        "type": "github"
      }
    },
    "greenclip-src": {
      "flake": false,
      "locked": {
        "lastModified": 1696174388,
        "narHash": "sha256-0sdW04kS69q1BrPzg5qx8lunwDu+tfIhAymIpEYEfco=",
        "owner": "erebe",
        "repo": "greenclip",
        "rev": "b98bb1d3487cc192a5771579d21674ca9480a9b3",
        "type": "github"
      },
      "original": {
        "owner": "erebe",
        "repo": "greenclip",
        "type": "github"
      }
    },
    "home-manager": {
      "inputs": {
        "nixpkgs": [
          "nixpkgs"
        ]
      },
      "locked": {
        "lastModified": 1705659542,
        "narHash": "sha256-WA3xVfAk1AYmFdwghT7mt/erYpsU6JPu9mdTEP/e9HQ=",
        "owner": "nix-community",
        "repo": "home-manager",
        "rev": "10cd9c53115061aa6a0a90aad0b0dde6a999cdb9",
        "type": "github"
      },
      "original": {
        "owner": "nix-community",
        "ref": "release-23.11",
        "repo": "home-manager",
        "type": "github"
      }
    },
    "leap-src": {
      "flake": false,
      "locked": {
        "lastModified": 1705618016,
        "narHash": "sha256-OvwFQsfIEKXiPUNGlTRJ6euL/7asmI3IZcYp4ln6zIA=",
        "owner": "ggandor",
        "repo": "leap.nvim",
        "rev": "9f7cf0a87ca2c3f47df37ef6787d34a65604d248",
        "type": "github"
      },
      "original": {
        "owner": "ggandor",
        "repo": "leap.nvim",
        "type": "github"
      }
    },
    "loose-src": {
      "flake": false,
      "locked": {
        "lastModified": 1705967021,
        "narHash": "sha256-4TPRudAwuGuycTIqLn/hsBaF1DslHr9FJ/hXcDilILg=",
        "ref": "refs/heads/master",
        "rev": "d0a99d4ae8eef6cc65b1f07d678ccbc9f520b779",
        "revCount": 41,
        "type": "git",
        "url": "https://git.gurkan.in/gurkan/loose.git"
      },
      "original": {
        "type": "git",
        "url": "https://git.gurkan.in/gurkan/loose.git"
      }
    },
    "nixos-plymouth-src": {
      "flake": false,
      "locked": {
        "lastModified": 1657314789,
        "narHash": "sha256-BSmh+Gy3yJMA4RoJ0uaQ/WsYBs+Txr6K3cAQjf+yM5Y=",
        "ref": "refs/heads/master",
        "rev": "ea75b51a1f04aa914647a2929eab6bbe595bcfc0",
        "revCount": 1,
        "type": "git",
        "url": "https://git.gurkan.in/gurkan/nixos-blur-plymouth.git"
      },
      "original": {
        "type": "git",
        "url": "https://git.gurkan.in/gurkan/nixos-blur-plymouth.git"
      }
    },
    "nixpkgs": {
      "locked": {
        "lastModified": 1705774713,
        "narHash": "sha256-j6ADaDH9XiumUzkTPlFyCBcoWYhO83lfgiSqEJF2zcs=",
        "owner": "nixos",
        "repo": "nixpkgs",
        "rev": "1b64fc1287991a9cce717a01c1973ef86cb1af0b",
        "type": "github"
      },
      "original": {
        "owner": "nixos",
        "ref": "nixos-23.11",
        "repo": "nixpkgs",
        "type": "github"
      }
    },
    "nixpkgs-2211": {
      "locked": {
        "lastModified": 1688392541,
        "narHash": "sha256-lHrKvEkCPTUO+7tPfjIcb7Trk6k31rz18vkyqmkeJfY=",
        "owner": "nixos",
        "repo": "nixpkgs",
        "rev": "ea4c80b39be4c09702b0cb3b42eab59e2ba4f24b",
        "type": "github"
      },
      "original": {
        "owner": "nixos",
        "ref": "nixos-22.11",
        "repo": "nixpkgs",
        "type": "github"
      }
    },
    "nixpkgs-unstable": {
      "locked": {
        "lastModified": 1705856552,
        "narHash": "sha256-JXfnuEf5Yd6bhMs/uvM67/joxYKoysyE3M2k6T3eWbg=",
        "owner": "nixos",
        "repo": "nixpkgs",
        "rev": "612f97239e2cc474c13c9dafa0df378058c5ad8d",
        "type": "github"
      },
      "original": {
        "owner": "nixos",
        "ref": "nixos-unstable",
        "repo": "nixpkgs",
        "type": "github"
      }
    },
    "nixpkgs_2": {
      "locked": {
        "lastModified": 1705856552,
        "narHash": "sha256-JXfnuEf5Yd6bhMs/uvM67/joxYKoysyE3M2k6T3eWbg=",
        "owner": "NixOS",
        "repo": "nixpkgs",
        "rev": "612f97239e2cc474c13c9dafa0df378058c5ad8d",
        "type": "github"
      },
      "original": {
        "id": "nixpkgs",
        "type": "indirect"
      }
    },
    "nur": {
      "locked": {
        "lastModified": 1705996618,
        "narHash": "sha256-RZ0Oa5s96JULebjuxGfcebJU6Kv9zj1L8z4cvB+tYWM=",
        "owner": "nix-community",
        "repo": "NUR",
        "rev": "ca9d55332782e1ac0ac263596cd4d48b4a429dab",
        "type": "github"
      },
      "original": {
        "owner": "nix-community",
        "repo": "NUR",
        "type": "github"
      }
    },
    "nvim-transparent-src": {
      "flake": false,
      "locked": {
        "lastModified": 1699805216,
        "narHash": "sha256-wT+7rmp08r0XYGp+MhjJX8dsFTar8+nf10CV9OdkOSk=",
        "owner": "xiyaowong",
        "repo": "nvim-transparent",
        "rev": "fd35a46f4b7c1b244249266bdcb2da3814f01724",
        "type": "github"
      },
      "original": {
        "owner": "xiyaowong",
        "repo": "nvim-transparent",
        "type": "github"
      }
    },
    "picom-src": {
      "inputs": {
        "flake-utils": "flake-utils",
        "git-ignore-nix": "git-ignore-nix",
        "nixpkgs": "nixpkgs_2"
      },
      "locked": {
        "lastModified": 1705942301,
        "narHash": "sha256-K7p20bd3VfyJf05/+ZlTiqmGB2DIwh3DX6/a4azUX9k=",
        "owner": "yshui",
        "repo": "picom",
        "rev": "702e30df4ac9baa8bd305024c3905e1f8a946e12",
        "type": "github"
      },
      "original": {
        "owner": "yshui",
        "repo": "picom",
        "type": "github"
      }
    },
    "root": {
      "inputs": {
        "awesomewm-src": "awesomewm-src",
        "commentnvim-src": "commentnvim-src",
        "copilot-src": "copilot-src",
        "greenclip-src": "greenclip-src",
        "home-manager": "home-manager",
        "leap-src": "leap-src",
        "loose-src": "loose-src",
        "nixos-plymouth-src": "nixos-plymouth-src",
        "nixpkgs": "nixpkgs",
        "nixpkgs-2211": "nixpkgs-2211",
        "nixpkgs-unstable": "nixpkgs-unstable",
        "nur": "nur",
        "nvim-transparent-src": "nvim-transparent-src",
        "picom-src": "picom-src",
        "telescope-file-browser-src": "telescope-file-browser-src",
        "trailblazer-src": "trailblazer-src",
        "undowarn-src": "undowarn-src",
        "vim-colorschemes-forked-src": "vim-colorschemes-forked-src",
        "vim-puppet-4tabs-src": "vim-puppet-4tabs-src",
        "vim-yadi-src": "vim-yadi-src",
        "vimwiki-markdown-src": "vimwiki-markdown-src",
        "yanky-src": "yanky-src"
      }
    },
    "systems": {
      "locked": {
        "lastModified": 1681028828,
        "narHash": "sha256-Vy1rq5AaRuLzOxct8nz4T6wlgyUR7zLU309k9mBC768=",
        "owner": "nix-systems",
        "repo": "default",
        "rev": "da67096a3b9bf56a91d16901293e51ba5b49a27e",
        "type": "github"
      },
      "original": {
        "owner": "nix-systems",
        "repo": "default",
        "type": "github"
      }
    },
    "telescope-file-browser-src": {
      "flake": false,
      "locked": {
        "lastModified": 1705112655,
        "narHash": "sha256-w7O3PsCXTektuOUmjapyEWIPrXhvKNT1jDkNBD9/94I=",
        "owner": "nvim-telescope",
        "repo": "telescope-file-browser.nvim",
        "rev": "6f735a63dc24b9aed527cd505a31864223c8a6d8",
        "type": "github"
      },
      "original": {
        "owner": "nvim-telescope",
        "repo": "telescope-file-browser.nvim",
        "type": "github"
      }
    },
    "trailblazer-src": {
      "flake": false,
      "locked": {
        "lastModified": 1680959225,
        "narHash": "sha256-9q8CmbUGmbKb7w4fzOS7XBSg8YM5WwqwvLUN2pVOAtI=",
        "owner": "LeonHeidelbach",
        "repo": "trailblazer.nvim",
        "rev": "674bb6254a376a234d0d243366224122fc064eab",
        "type": "github"
      },
      "original": {
        "owner": "LeonHeidelbach",
        "repo": "trailblazer.nvim",
        "type": "github"
      }
    },
    "undowarn-src": {
      "flake": false,
      "locked": {
        "lastModified": 1625889877,
        "narHash": "sha256-qzkfewDNk8T7DE3GtLqthc3+uSwwQAFwttvZFt2jLAA=",
        "owner": "arp242",
        "repo": "undofile_warn.vim",
        "rev": "b52f957c1213b29f72f44844c0e24f8d2188dc8f",
        "type": "github"
      },
      "original": {
        "owner": "arp242",
        "repo": "undofile_warn.vim",
        "type": "github"
      }
    },
    "vim-colorschemes-forked-src": {
      "flake": false,
      "locked": {
        "lastModified": 1647431632,
        "narHash": "sha256-xgIn4MMpKqeW6kkv4yYoX2HU9hP946GZbU2gE132MeY=",
        "owner": "EvitanRelta",
        "repo": "vim-colorschemes",
        "rev": "9eca7c958e7532203bf899fb94fef44b740d5b5f",
        "type": "github"
      },
      "original": {
        "owner": "EvitanRelta",
        "repo": "vim-colorschemes",
        "type": "github"
      }
    },
    "vim-puppet-4tabs-src": {
      "flake": false,
      "locked": {
        "lastModified": 1628977347,
        "narHash": "sha256-lKo4NN6p4TMu4rv0G7RPm8iG7XnH4MpylcQgLL6Joek=",
        "ref": "refs/heads/master",
        "rev": "f9f38eb3fb9920e93878d6757121a40cb288ce77",
        "revCount": 190,
        "type": "git",
        "url": "https://git.gurkan.in/gurkan/vim-puppet.git"
      },
      "original": {
        "type": "git",
        "url": "https://git.gurkan.in/gurkan/vim-puppet.git"
      }
    },
    "vim-yadi-src": {
      "flake": false,
      "locked": {
        "lastModified": 1658930737,
        "narHash": "sha256-nkxJm78ghVtVx97SnW22LBrD2yEQ41+60XVVOG908LM=",
        "owner": "timakro",
        "repo": "vim-yadi",
        "rev": "c4291b94b832ffe0bd7959198fffe7bc540a42a5",
        "type": "github"
      },
      "original": {
        "owner": "timakro",
        "repo": "vim-yadi",
        "type": "github"
      }
    },
    "vimwiki-markdown-src": {
      "flake": false,
      "locked": {
        "lastModified": 1697446570,
        "narHash": "sha256-32fl+k8qGb3AMWO+aO6HjSJE9eMZjre7THmZYi1tPtU=",
        "owner": "WnP",
        "repo": "vimwiki_markdown",
        "rev": "6d8c3f5cb50182cc1e0bc668f50c02401526ba9d",
        "type": "github"
      },
      "original": {
        "owner": "WnP",
        "repo": "vimwiki_markdown",
        "type": "github"
      }
    },
    "yanky-src": {
      "flake": false,
      "locked": {
        "lastModified": 1701070071,
        "narHash": "sha256-/Ecclr/5zQH2NlNhrXdPlKgcjAUPoKmJ6gnyxF9P7QY=",
        "owner": "gbprod",
        "repo": "yanky.nvim",
        "rev": "6bb9ffd3cad4c9876bda54e19d0659de28a4f84f",
        "type": "github"
      },
      "original": {
        "owner": "gbprod",
        "repo": "yanky.nvim",
        "type": "github"
      }
    }
  },
  "root": "root",
  "version": 7
}
